// !$*UTF8*$!
{
	archiveVersion = 1;
	classes = {
	};
	objectVersion = 50;
	objects = {

/* Begin PBXBuildFile section */
		F7806C572518F2B4002F703B /* AppDelegate.swift in Sources */ = {isa = PBXBuildFile; fileRef = F7806C562518F2B4002F703B /* AppDelegate.swift */; };
		F7806C592518F2B4002F703B /* SceneDelegate.swift in Sources */ = {isa = PBXBuildFile; fileRef = F7806C582518F2B4002F703B /* SceneDelegate.swift */; };
		F7806C5B2518F2B4002F703B /* ViewController.swift in Sources */ = {isa = PBXBuildFile; fileRef = F7806C5A2518F2B4002F703B /* ViewController.swift */; };
		F7806C5E2518F2B4002F703B /* Main.storyboard in Resources */ = {isa = PBXBuildFile; fileRef = F7806C5C2518F2B4002F703B /* Main.storyboard */; };
		F7806C602518F2B5002F703B /* Assets.xcassets in Resources */ = {isa = PBXBuildFile; fileRef = F7806C5F2518F2B5002F703B /* Assets.xcassets */; };
		F7806C632518F2B5002F703B /* LaunchScreen.storyboard in Resources */ = {isa = PBXBuildFile; fileRef = F7806C612518F2B5002F703B /* LaunchScreen.storyboard */; };
		F7806C6D2518F350002F703B /* InteractiveSwitch.swift in Sources */ = {isa = PBXBuildFile; fileRef = F7806C6C2518F350002F703B /* InteractiveSwitch.swift */; };
		F7CE24C42518F7CD00A96C15 /* UIView+Constraints.swift in Sources */ = {isa = PBXBuildFile; fileRef = F7CE24C32518F7CD00A96C15 /* UIView+Constraints.swift */; };
		F7FEBF452524E73300CACF24 /* Animator.swift in Sources */ = {isa = PBXBuildFile; fileRef = F7FEBF422524E73300CACF24 /* Animator.swift */; };
		F7FEBF462524E73300CACF24 /* AlphaAnimator.swift in Sources */ = {isa = PBXBuildFile; fileRef = F7FEBF432524E73300CACF24 /* AlphaAnimator.swift */; };
/* End PBXBuildFile section */

/* Begin PBXFileReference section */
		F7806C532518F2B4002F703B /* InteractiveSwitch.app */ = {isa = PBXFileReference; explicitFileType = wrapper.application; includeInIndex = 0; path = InteractiveSwitch.app; sourceTree = BUILT_PRODUCTS_DIR; };
		F7806C562518F2B4002F703B /* AppDelegate.swift */ = {isa = PBXFileReference; lastKnownFileType = sourcecode.swift; path = AppDelegate.swift; sourceTree = "<group>"; };
		F7806C582518F2B4002F703B /* SceneDelegate.swift */ = {isa = PBXFileReference; lastKnownFileType = sourcecode.swift; path = SceneDelegate.swift; sourceTree = "<group>"; };
		F7806C5A2518F2B4002F703B /* ViewController.swift */ = {isa = PBXFileReference; lastKnownFileType = sourcecode.swift; path = ViewController.swift; sourceTree = "<group>"; };
		F7806C5D2518F2B4002F703B /* Base */ = {isa = PBXFileReference; lastKnownFileType = file.storyboard; name = Base; path = Base.lproj/Main.storyboard; sourceTree = "<group>"; };
		F7806C5F2518F2B5002F703B /* Assets.xcassets */ = {isa = PBXFileReference; lastKnownFileType = folder.assetcatalog; path = Assets.xcassets; sourceTree = "<group>"; };
		F7806C622518F2B5002F703B /* Base */ = {isa = PBXFileReference; lastKnownFileType = file.storyboard; name = Base; path = Base.lproj/LaunchScreen.storyboard; sourceTree = "<group>"; };
		F7806C642518F2B5002F703B /* Info.plist */ = {isa = PBXFileReference; lastKnownFileType = text.plist.xml; name = Info.plist; path = InteractiveSwitch/Resources/Info.plist; sourceTree = SOURCE_ROOT; };
		F7806C6C2518F350002F703B /* InteractiveSwitch.swift */ = {isa = PBXFileReference; lastKnownFileType = sourcecode.swift; path = InteractiveSwitch.swift; sourceTree = "<group>"; };
		F7CE24C32518F7CD00A96C15 /* UIView+Constraints.swift */ = {isa = PBXFileReference; fileEncoding = 4; lastKnownFileType = sourcecode.swift; path = "UIView+Constraints.swift"; sourceTree = "<group>"; };
		F7FEBF422524E73300CACF24 /* Animator.swift */ = {isa = PBXFileReference; fileEncoding = 4; lastKnownFileType = sourcecode.swift; path = Animator.swift; sourceTree = "<group>"; };
		F7FEBF432524E73300CACF24 /* AlphaAnimator.swift */ = {isa = PBXFileReference; fileEncoding = 4; lastKnownFileType = sourcecode.swift; path = AlphaAnimator.swift; sourceTree = "<group>"; };
/* End PBXFileReference section */

/* Begin PBXFrameworksBuildPhase section */
		F7806C502518F2B4002F703B /* Frameworks */ = {
			isa = PBXFrameworksBuildPhase;
			buildActionMask = 2147483647;
			files = (
			);
			runOnlyForDeploymentPostprocessing = 0;
		};
/* End PBXFrameworksBuildPhase section */

/* Begin PBXGroup section */
		F7806C4A2518F2B4002F703B = {
			isa = PBXGroup;
			children = (
				F7806C552518F2B4002F703B /* InteractiveSwitch */,
				F7806C542518F2B4002F703B /* Products */,
			);
			sourceTree = "<group>";
		};
		F7806C542518F2B4002F703B /* Products */ = {
			isa = PBXGroup;
			children = (
				F7806C532518F2B4002F703B /* InteractiveSwitch.app */,
			);
			name = Products;
			sourceTree = "<group>";
		};
		F7806C552518F2B4002F703B /* InteractiveSwitch */ = {
			isa = PBXGroup;
			children = (
				F7806C6B2518F30A002F703B /* AppDelegate */,
				F7CE24C52518F7D600A96C15 /* Extensions */,
				F7806C5A2518F2B4002F703B /* ViewController.swift */,
				F7FEBF402524E73300CACF24 /* Animator */,
				F7806C5C2518F2B4002F703B /* Main.storyboard */,
				F7806C6C2518F350002F703B /* InteractiveSwitch.swift */,
				F7806C6A2518F2F4002F703B /* Resources */,
			);
			path = InteractiveSwitch;
			sourceTree = "<group>";
		};
		F7806C6A2518F2F4002F703B /* Resources */ = {
			isa = PBXGroup;
			children = (
				F7806C5F2518F2B5002F703B /* Assets.xcassets */,
				F7806C612518F2B5002F703B /* LaunchScreen.storyboard */,
				F7806C642518F2B5002F703B /* Info.plist */,
			);
			path = Resources;
			sourceTree = "<group>";
		};
		F7806C6B2518F30A002F703B /* AppDelegate */ = {
			isa = PBXGroup;
			children = (
				F7806C562518F2B4002F703B /* AppDelegate.swift */,
				F7806C582518F2B4002F703B /* SceneDelegate.swift */,
			);
			path = AppDelegate;
			sourceTree = "<group>";
		};
		F7CE24C52518F7D600A96C15 /* Extensions */ = {
			isa = PBXGroup;
			children = (
				F7CE24C32518F7CD00A96C15 /* UIView+Constraints.swift */,
			);
			path = Extensions;
			sourceTree = "<group>";
		};
		F7FEBF402524E73300CACF24 /* Animator */ = {
			isa = PBXGroup;
			children = (
				F7FEBF422524E73300CACF24 /* Animator.swift */,
				F7FEBF432524E73300CACF24 /* AlphaAnimator.swift */,
			);
			path = Animator;
			sourceTree = "<group>";
		};
/* End PBXGroup section */

/* Begin PBXNativeTarget section */
		F7806C522518F2B4002F703B /* InteractiveSwitch */ = {
			isa = PBXNativeTarget;
			buildConfigurationList = F7806C672518F2B5002F703B /* Build configuration list for PBXNativeTarget "InteractiveSwitch" */;
			buildPhases = (
				F7806C4F2518F2B4002F703B /* Sources */,
				F7806C502518F2B4002F703B /* Frameworks */,
				F7806C512518F2B4002F703B /* Resources */,
			);
			buildRules = (
			);
			dependencies = (
			);
			name = InteractiveSwitch;
			productName = InteractiveSwitch;
			productReference = F7806C532518F2B4002F703B /* InteractiveSwitch.app */;
			productType = "com.apple.product-type.application";
		};
/* End PBXNativeTarget section */

/* Begin PBXProject section */
		F7806C4B2518F2B4002F703B /* Project object */ = {
			isa = PBXProject;
			attributes = {
				LastSwiftUpdateCheck = 1160;
				LastUpgradeCheck = 1160;
				ORGANIZATIONNAME = "Julia Nikitina";
				TargetAttributes = {
					F7806C522518F2B4002F703B = {
						CreatedOnToolsVersion = 11.6;
					};
				};
			};
			buildConfigurationList = F7806C4E2518F2B4002F703B /* Build configuration list for PBXProject "InteractiveSwitch" */;
			compatibilityVersion = "Xcode 9.3";
			developmentRegion = en;
			hasScannedForEncodings = 0;
			knownRegions = (
				en,
				Base,
			);
			mainGroup = F7806C4A2518F2B4002F703B;
			productRefGroup = F7806C542518F2B4002F703B /* Products */;
			projectDirPath = "";
			projectRoot = "";
			targets = (
				F7806C522518F2B4002F703B /* InteractiveSwitch */,
			);
		};
/* End PBXProject section */

/* Begin PBXResourcesBuildPhase section */
		F7806C512518F2B4002F703B /* Resources */ = {
			isa = PBXResourcesBuildPhase;
			buildActionMask = 2147483647;
			files = (
				F7806C632518F2B5002F703B /* LaunchScreen.storyboard in Resources */,
				F7806C602518F2B5002F703B /* Assets.xcassets in Resources */,
				F7806C5E2518F2B4002F703B /* Main.storyboard in Resources */,
			);
			runOnlyForDeploymentPostprocessing = 0;
		};
/* End PBXResourcesBuildPhase section */

/* Begin PBXSourcesBuildPhase section */
		F7806C4F2518F2B4002F703B /* Sources */ = {
			isa = PBXSourcesBuildPhase;
			buildActionMask = 2147483647;
			files = (
				F7806C6D2518F350002F703B /* InteractiveSwitch.swift in Sources */,
				F7806C5B2518F2B4002F703B /* ViewController.swift in Sources */,
				F7CE24C42518F7CD00A96C15 /* UIView+Constraints.swift in Sources */,
				F7806C572518F2B4002F703B /* AppDelegate.swift in Sources */,
				F7FEBF452524E73300CACF24 /* Animator.swift in Sources */,
				F7806C592518F2B4002F703B /* SceneDelegate.swift in Sources */,
				F7FEBF462524E73300CACF24 /* AlphaAnimator.swift in Sources */,
			);
			runOnlyForDeploymentPostprocessing = 0;
		};
/* End PBXSourcesBuildPhase section */

/* Begin PBXVariantGroup section */
		F7806C5C2518F2B4002F703B /* Main.storyboard */ = {
			isa = PBXVariantGroup;
			children = (
				F7806C5D2518F2B4002F703B /* Base */,
			);
			name = Main.storyboard;
			sourceTree = "<group>";
		};
		F7806C612518F2B5002F703B /* LaunchScreen.storyboard */ = {
			isa = PBXVariantGroup;
			children = (
				F7806C622518F2B5002F703B /* Base */,
			);
			name = LaunchScreen.storyboard;
			sourceTree = "<group>";
		};
/* End PBXVariantGroup section */

/* Begin XCBuildConfiguration section */
		F7806C652518F2B5002F703B /* Debug */ = {
			isa = XCBuildConfiguration;
			buildSettings = {
				ALWAYS_SEARCH_USER_PATHS = NO;
				CLANG_ANALYZER_NONNULL = YES;
				CLANG_ANALYZER_NUMBER_OBJECT_CONVERSION = YES_AGGRESSIVE;
				CLANG_CXX_LANGUAGE_STANDARD = "gnu++14";
				CLANG_CXX_LIBRARY = "libc++";
				CLANG_ENABLE_MODULES = YES;
				CLANG_ENABLE_OBJC_ARC = YES;
				CLANG_ENABLE_OBJC_WEAK = YES;
				CLANG_WARN_BLOCK_CAPTURE_AUTORELEASING = YES;
				CLANG_WARN_BOOL_CONVERSION = YES;
				CLANG_WARN_COMMA = YES;
				CLANG_WARN_CONSTANT_CONVERSION = YES;
				CLANG_WARN_DEPRECATED_OBJC_IMPLEMENTATIONS = YES;
				CLANG_WARN_DIRECT_OBJC_ISA_USAGE = YES_ERROR;
				CLANG_WARN_DOCUMENTATION_COMMENTS = YES;
				CLANG_WARN_EMPTY_BODY = YES;
				CLANG_WARN_ENUM_CONVERSION = YES;
				CLANG_WARN_INFINITE_RECURSION = YES;
				CLANG_WARN_INT_CONVERSION = YES;
				CLANG_WARN_NON_LITERAL_NULL_CONVERSION = YES;
				CLANG_WARN_OBJC_IMPLICIT_RETAIN_SELF = YES;
				CLANG_WARN_OBJC_LITERAL_CONVERSION = YES;
				CLANG_WARN_OBJC_ROOT_CLASS = YES_ERROR;
				CLANG_WARN_RANGE_LOOP_ANALYSIS = YES;
				CLANG_WARN_STRICT_PROTOTYPES = YES;
				CLANG_WARN_SUSPICIOUS_MOVE = YES;
				CLANG_WARN_UNGUARDED_AVAILABILITY = YES_AGGRESSIVE;
				CLANG_WARN_UNREACHABLE_CODE = YES;
				CLANG_WARN__DUPLICATE_METHOD_MATCH = YES;
				COPY_PHASE_STRIP = NO;
				DEBUG_INFORMATION_FORMAT = dwarf;
				ENABLE_STRICT_OBJC_MSGSEND = YES;
				ENABLE_TESTABILITY = YES;
				GCC_C_LANGUAGE_STANDARD = gnu11;
				GCC_DYNAMIC_NO_PIC = NO;
				GCC_NO_COMMON_BLOCKS = YES;
				GCC_OPTIMIZATION_LEVEL = 0;
				GCC_PREPROCESSOR_DEFINITIONS = (
					"DEBUG=1",
					"$(inherited)",
				);
				GCC_WARN_64_TO_32_BIT_CONVERSION = YES;
				GCC_WARN_ABOUT_RETURN_TYPE = YES_ERROR;
				GCC_WARN_UNDECLARED_SELECTOR = YES;
				GCC_WARN_UNINITIALIZED_AUTOS = YES_AGGRESSIVE;
				GCC_WARN_UNUSED_FUNCTION = YES;
				GCC_WARN_UNUSED_VARIABLE = YES;
				IPHONEOS_DEPLOYMENT_TARGET = 13.6;
				MTL_ENABLE_DEBUG_INFO = INCLUDE_SOURCE;
				MTL_FAST_MATH = YES;
				ONLY_ACTIVE_ARCH = YES;
				SDKROOT = iphoneos;
				SWIFT_ACTIVE_COMPILATION_CONDITIONS = DEBUG;
				SWIFT_OPTIMIZATION_LEVEL = "-Onone";
			};
			name = Debug;
		};
		F7806C662518F2B5002F703B /* Release */ = {
			isa = XCBuildConfiguration;
			buildSettings = {
				ALWAYS_SEARCH_USER_PATHS = NO;
				CLANG_ANALYZER_NONNULL = YES;
				CLANG_ANALYZER_NUMBER_OBJECT_CONVERSION = YES_AGGRESSIVE;
				CLANG_CXX_LANGUAGE_STANDARD = "gnu++14";
				CLANG_CXX_LIBRARY = "libc++";
				CLANG_ENABLE_MODULES = YES;
				CLANG_ENABLE_OBJC_ARC = YES;
				CLANG_ENABLE_OBJC_WEAK = YES;
				CLANG_WARN_BLOCK_CAPTURE_AUTORELEASING = YES;
				CLANG_WARN_BOOL_CONVERSION = YES;
				CLANG_WARN_COMMA = YES;
				CLANG_WARN_CONSTANT_CONVERSION = YES;
				CLANG_WARN_DEPRECATED_OBJC_IMPLEMENTATIONS = YES;
				CLANG_WARN_DIRECT_OBJC_ISA_USAGE = YES_ERROR;
				CLANG_WARN_DOCUMENTATION_COMMENTS = YES;
				CLANG_WARN_EMPTY_BODY = YES;
				CLANG_WARN_ENUM_CONVERSION = YES;
				CLANG_WARN_INFINITE_RECURSION = YES;
				CLANG_WARN_INT_CONVERSION = YES;
				CLANG_WARN_NON_LITERAL_NULL_CONVERSION = YES;
				CLANG_WARN_OBJC_IMPLICIT_RETAIN_SELF = YES;
				CLANG_WARN_OBJC_LITERAL_CONVERSION = YES;
				CLANG_WARN_OBJC_ROOT_CLASS = YES_ERROR;
				CLANG_WARN_RANGE_LOOP_ANALYSIS = YES;
				CLANG_WARN_STRICT_PROTOTYPES = YES;
				CLANG_WARN_SUSPICIOUS_MOVE = YES;
				CLANG_WARN_UNGUARDED_AVAILABILITY = YES_AGGRESSIVE;
				CLANG_WARN_UNREACHABLE_CODE = YES;
				CLANG_WARN__DUPLICATE_METHOD_MATCH = YES;
				COPY_PHASE_STRIP = NO;
				DEBUG_INFORMATION_FORMAT = "dwarf-with-dsym";
				ENABLE_NS_ASSERTIONS = NO;
				ENABLE_STRICT_OBJC_MSGSEND = YES;
				GCC_C_LANGUAGE_STANDARD = gnu11;
				GCC_NO_COMMON_BLOCKS = YES;
				GCC_WARN_64_TO_32_BIT_CONVERSION = YES;
				GCC_WARN_ABOUT_RETURN_TYPE = YES_ERROR;
				GCC_WARN_UNDECLARED_SELECTOR = YES;
				GCC_WARN_UNINITIALIZED_AUTOS = YES_AGGRESSIVE;
				GCC_WARN_UNUSED_FUNCTION = YES;
				GCC_WARN_UNUSED_VARIABLE = YES;
				IPHONEOS_DEPLOYMENT_TARGET = 13.6;
				MTL_ENABLE_DEBUG_INFO = NO;
				MTL_FAST_MATH = YES;
				SDKROOT = iphoneos;
				SWIFT_COMPILATION_MODE = wholemodule;
				SWIFT_OPTIMIZATION_LEVEL = "-O";
				VALIDATE_PRODUCT = YES;
			};
			name = Release;
		};
		F7806C682518F2B5002F703B /* Debug */ = {
			isa = XCBuildConfiguration;
			buildSettings = {
				ASSETCATALOG_COMPILER_APPICON_NAME = AppIcon;
				CODE_SIGN_STYLE = Automatic;
				DEVELOPMENT_TEAM = AH2JSYW82G;
				INFOPLIST_FILE = InteractiveSwitch/Resources/Info.plist;
				LD_RUNPATH_SEARCH_PATHS = (
					"$(inherited)",
					"@executable_path/Frameworks",
				);
				PRODUCT_BUNDLE_IDENTIFIER = com.joliejuly.InteractiveSwitch;
				PRODUCT_NAME = "$(TARGET_NAME)";
				SWIFT_VERSION = 5.0;
				TARGETED_DEVICE_FAMILY = "1,2";
			};
			name = Debug;
		};
		F7806C692518F2B5002F703B /* Release */ = {
			isa = XCBuildConfiguration;
			buildSettings = {
				ASSETCATALOG_COMPILER_APPICON_NAME = AppIcon;
				CODE_SIGN_STYLE = Automatic;
				DEVELOPMENT_TEAM = AH2JSYW82G;
				INFOPLIST_FILE = InteractiveSwitch/Resources/Info.plist;
				LD_RUNPATH_SEARCH_PATHS = (
					"$(inherited)",
					"@executable_path/Frameworks",
				);
				PRODUCT_BUNDLE_IDENTIFIER = com.joliejuly.InteractiveSwitch;
				PRODUCT_NAME = "$(TARGET_NAME)";
				SWIFT_VERSION = 5.0;
				TARGETED_DEVICE_FAMILY = "1,2";
			};
			name = Release;
		};
/* End XCBuildConfiguration section */

/* Begin XCConfigurationList section */
		F7806C4E2518F2B4002F703B /* Build configuration list for PBXProject "InteractiveSwitch" */ = {
			isa = XCConfigurationList;
			buildConfigurations = (
				F7806C652518F2B5002F703B /* Debug */,
				F7806C662518F2B5002F703B /* Release */,
			);
			defaultConfigurationIsVisible = 0;
			defaultConfigurationName = Release;
		};
		F7806C672518F2B5002F703B /* Build configuration list for PBXNativeTarget "InteractiveSwitch" */ = {
			isa = XCConfigurationList;
			buildConfigurations = (
				F7806C682518F2B5002F703B /* Debug */,
				F7806C692518F2B5002F703B /* Release */,
			);
			defaultConfigurationIsVisible = 0;
			defaultConfigurationName = Release;
		};
/* End XCConfigurationList section */
	};
	rootObject = F7806C4B2518F2B4002F703B /* Project object */;
}
